
Microsoft Visual Studio Solution File, Format Version 12.00
# Visual Studio Version 16
VisualStudioVersion = 16.0.31424.327
MinimumVisualStudioVersion = 10.0.40219.1
Project("{FAE04EC0-301F-11D3-BF4B-00C04F79EFBC}") = "CSTourPlanner", "CSTourPlanner\CSTourPlanner.csproj", "{7FD0020A-11C4-44D5-9BC7-7E3DF1F52867}"
EndProject
Global
	GlobalSection(SolutionConfigurationPlatforms) = preSolution
		Debug|Any CPU = Debug|Any CPU
		Release|Any CPU = Release|Any CPU
	EndGlobalSection
	GlobalSection(ProjectConfigurationPlatforms) = postSolution
		{7FD0020A-11C4-44D5-9BC7-7E3DF1F52867}.Debug|Any CPU.ActiveCfg = Debug|Any CPU
		{7FD0020A-11C4-44D5-9BC7-7E3DF1F52867}.Debug|Any CPU.Build.0 = Debug|Any CPU
		{7FD0020A-11C4-44D5-9BC7-7E3DF1F52867}.Release|Any CPU.ActiveCfg = Release|Any CPU
		{7FD0020A-11C4-44D5-9BC7-7E3DF1F52867}.Release|Any CPU.Build.0 = Release|Any CPU
	EndGlobalSection
	GlobalSection(SolutionProperties) = preSolution
		HideSolutionNode = FALSE
	EndGlobalSection
	GlobalSection(ExtensibilityGlobals) = postSolution
		SolutionGuid = {6C9584A2-E739-473E-A570-48C30C04DD92}
	EndGlobalSection
EndGlobal
